
Microsoft Visual Studio Solution File, Format Version 12.00
# Visual Studio Version 17
VisualStudioVersion = 17.3.32929.385
MinimumVisualStudioVersion = 10.0.40219.1
Project("{8BC9CEB8-8B4A-11D0-8D11-00A0C91BC942}") = "MultiplosViewports", "MultiplosViewports\MultiplosViewports.vcxproj", "{E707EF8F-6563-4BBD-97F4-C23EBEB21A91}"
EndProject
Project("{8BC9CEB8-8B4A-11D0-8D11-00A0C91BC942}") = "Quadrados", "Quadrados\Quadrados.vcxproj", "{6867E218-5E5A-44C2-B55A-3754A6AC7E62}"
EndProject
Project("{8BC9CEB8-8B4A-11D0-8D11-00A0C91BC942}") = "Teclado", "Teclado\Teclado.vcxproj", "{6EFBE8E1-B7F5-440A-B135-55E115F665DE}"
EndProject
Project("{8BC9CEB8-8B4A-11D0-8D11-00A0C91BC942}") = "TestesViewport", "TestesViewport\TestesViewport.vcxproj", "{17E7A5CB-0E78-4753-872C-D6C6B820C481}"
EndProject
Project("{8BC9CEB8-8B4A-11D0-8D11-00A0C91BC942}") = "Primitivas", "Transformações\Transformações.vcxproj", "{97FA7EEC-CE98-40E0-8F8B-828DAA29927B}"
EndProject
Project("{8BC9CEB8-8B4A-11D0-8D11-00A0C91BC942}") = "viewport", "viewport\viewport.vcxproj", "{C0621A26-B0CB-4039-AA56-C85F1C16D507}"
EndProject
Project("{8BC9CEB8-8B4A-11D0-8D11-00A0C91BC942}") = "TransformacoesHierarquicas", "TransformacoesHierarquicas\TransformacoesHierarquicas.vcxproj", "{9B38554B-EA4F-4D99-B853-27E8B8883A46}"
EndProject
Project("{8BC9CEB8-8B4A-11D0-8D11-00A0C91BC942}") = "Normais", "Normais\Normais.vcxproj", "{645CDCD0-AEAA-4BAA-B6D6-80B043ADF3ED}"
EndProject
Project("{8BC9CEB8-8B4A-11D0-8D11-00A0C91BC942}") = "Projecoes", "Projecoes\Projecoes.vcxproj", "{4994781E-DD0E-4EAA-85EB-B4C0D4E24C81}"
EndProject
Project("{8BC9CEB8-8B4A-11D0-8D11-00A0C91BC942}") = "ColorMask", "ColorMask\ColorMask.vcxproj", "{6C7BF766-AEB3-4D96-9497-5EB4357ADC9A}"
EndProject
Project("{8BC9CEB8-8B4A-11D0-8D11-00A0C91BC942}") = "Superficies", "Superficies\Superficies.vcxproj", "{4596D9D0-C5D5-4450-98A7-20DC1A595012}"
EndProject
Project("{8BC9CEB8-8B4A-11D0-8D11-00A0C91BC942}") = "OpenGL_GLFW", "OpenGL_GLFW\OpenGL_GLFW.vcxproj", "{40066014-DCF9-49BB-9EF8-E8B72C5A757E}"
EndProject
Project("{8BC9CEB8-8B4A-11D0-8D11-00A0C91BC942}") = "OpenGL_GLFW_Basico", "OpenGL_GLFW_Basico\OpenGL_GLFW_Basico.vcxproj", "{C967C161-D1F7-4D77-A104-A32C48D537A4}"
EndProject
Project("{8BC9CEB8-8B4A-11D0-8D11-00A0C91BC942}") = "Curvas", "Curvas\Curvas.vcxproj", "{16CFC164-BE76-4611-8B97-585C2CE66563}"
EndProject
Project("{8BC9CEB8-8B4A-11D0-8D11-00A0C91BC942}") = "BoucingBall", "BoucingBall\BoucingBall.vcxproj", "{E68742D3-43F7-41A5-9AB4-47C6C25204B8}"
EndProject
Project("{8BC9CEB8-8B4A-11D0-8D11-00A0C91BC942}") = "BouncingBallShort", "BouncingBallShort\BouncingBallShort.vcxproj", "{CC7DF621-4804-42C7-81BA-C1D43220438A}"
EndProject
Project("{8BC9CEB8-8B4A-11D0-8D11-00A0C91BC942}") = "BouncingBallVetorizado", "BouncingBallVetorizado\BouncingBallVetorizado.vcxproj", "{6613837E-3A14-4FA4-BE69-9DA62C46D140}"
EndProject
Project("{8BC9CEB8-8B4A-11D0-8D11-00A0C91BC942}") = "Magnitude", "Magnitude\Magnitude.vcxproj", "{514AAF6D-12AD-44AF-BBA0-3FA2C761FC63}"
EndProject
Project("{8BC9CEB8-8B4A-11D0-8D11-00A0C91BC942}") = "MagnitudeCentro", "MagnitudeCentro\MagnitudeCentro.vcxproj", "{BBF01886-EB82-4C7E-A9F7-A9DB9E56BB2C}"
EndProject
Project("{8BC9CEB8-8B4A-11D0-8D11-00A0C91BC942}") = "MagnitudeNormalizacao", "MagnitudeNormalizacao\MagnitudeNormalizacao.vcxproj", "{3E6C02CB-E944-4C1B-8ECC-EE094501597E}"
EndProject
Project("{8BC9CEB8-8B4A-11D0-8D11-00A0C91BC942}") = "Antialiasing", "Antialiasing\Antialiasing.vcxproj", "{D4C50993-320A-4B10-A680-6BF7D72336FE}"
EndProject
Project("{8BC9CEB8-8B4A-11D0-8D11-00A0C91BC942}") = "Exemplo3DComIluminacao", "Exemplo3DComIluminacao\Exemplo3DComIluminacao.vcxproj", "{1BB82AB4-648F-4776-9279-E256CFC51819}"
EndProject
Project("{8BC9CEB8-8B4A-11D0-8D11-00A0C91BC942}") = "Exemplo3DMateriais", "Exemplo3DMateriais\Exemplo3DMateriais.vcxproj", "{0ED7A336-9F2C-4B9C-A416-327A0D715C26}"
EndProject
Project("{8BC9CEB8-8B4A-11D0-8D11-00A0C91BC942}") = "Exemplo3DMoveComFonteLuzSpot", "Exemplo3DMoveComFonteLuzSpot\Exemplo3DMoveComFonteLuzSpot.vcxproj", "{A09707D1-B597-4ADF-ADA5-7EDA6EDA9B3B}"
EndProject
Project("{8BC9CEB8-8B4A-11D0-8D11-00A0C91BC942}") = "Blending", "Blending\Blending.vcxproj", "{FD22DC1A-B6B6-43BF-9449-A5389A9DAAFD}"
EndProject
Project("{8BC9CEB8-8B4A-11D0-8D11-00A0C91BC942}") = "CuboRGB", "CuboRGB\CuboRGB.vcxproj", "{E635AC27-F330-4C46-83C0-F480ECF2C53F}"
EndProject
Project("{8BC9CEB8-8B4A-11D0-8D11-00A0C91BC942}") = "Exemplo3DMoveFonteLuz", "Exemplo3DMoveFonteLuz\Exemplo3DMoveFonteLuz.vcxproj", "{C27EF330-68D0-44F5-A42A-36D4037E07DA}"
EndProject
Project("{8BC9CEB8-8B4A-11D0-8D11-00A0C91BC942}") = "Exemplo3DMoveFontesLuz", "Exemplo3DMoveFontesLuz\Exemplo3DMoveFontesLuz.vcxproj", "{502B21D6-0F90-4E02-9BB8-CF28B113AF4E}"
EndProject
Project("{8BC9CEB8-8B4A-11D0-8D11-00A0C91BC942}") = "OpacoTransparente", "OpacoTransparente\OpacoTransparente.vcxproj", "{100C0740-A3D7-41F2-8548-2306DCE0853B}"
EndProject
Project("{8BC9CEB8-8B4A-11D0-8D11-00A0C91BC942}") = "Textura1D", "Textura1D\Textura1D.vcxproj", "{816115BF-9EFD-4360-8582-9C101AE7422F}"
EndProject
Project("{8BC9CEB8-8B4A-11D0-8D11-00A0C91BC942}") = "Textura2D", "Textura2D\Textura2D.vcxproj", "{3B7133A7-4613-423A-85E1-8AFE440E85E2}"
EndProject
Project("{8BC9CEB8-8B4A-11D0-8D11-00A0C91BC942}") = "Textura2D_MapeamentoCubo", "Textura2D_MapeamentoCubo\Textura2D_MapeamentoCubo.vcxproj", "{F2111538-908E-48AD-9C26-63F59D29DF0B}"
EndProject
Project("{8BC9CEB8-8B4A-11D0-8D11-00A0C91BC942}") = "Textura2DMatriz", "Textura2DMatriz\Textura2DMatriz.vcxproj", "{217470BD-4AAE-4683-9866-2C43683753AE}"
EndProject
Project("{8BC9CEB8-8B4A-11D0-8D11-00A0C91BC942}") = "BitmapMonocromatico", "BitmapMonocromatico\BitmapMonocromatico.vcxproj", "{3306E48E-7EBB-43C1-8B91-133F317F6551}"
EndProject
Project("{8BC9CEB8-8B4A-11D0-8D11-00A0C91BC942}") = "PadroesLinhas", "PadroesLinhas\PadroesLinhas.vcxproj", "{672AE3A2-C0AE-4078-ACDB-78D73C175C36}"
EndProject
Project("{8BC9CEB8-8B4A-11D0-8D11-00A0C91BC942}") = "PadroesPoligonos", "PadroesPoligonos\PadroesPoligonos.vcxproj", "{FE5B57AA-35C9-4098-9818-908AD527EF68}"
EndProject
Project("{8BC9CEB8-8B4A-11D0-8D11-00A0C91BC942}") = "Texturas2DGeracaoTexturas", "Texturas2DGeracaoTexturas\Texturas2DGeracaoTexturas.vcxproj", "{0E53695C-3F20-4238-A3E2-BC16FB523CD1}"
EndProject
Project("{8BC9CEB8-8B4A-11D0-8D11-00A0C91BC942}") = "TesteProjecoes", "TesteProjecoes\TesteProjecoes.vcxproj", "{A62242E3-EEB1-4D14-B896-731763705017}"
EndProject
Project("{8BC9CEB8-8B4A-11D0-8D11-00A0C91BC942}") = "Texto", "Texto\Texto.vcxproj", "{07B4D37F-D656-446E-AA06-50C3B7F12EAC}"
EndProject
Project("{8BC9CEB8-8B4A-11D0-8D11-00A0C91BC942}") = "MenusTextos", "MenusTextos\MenusTextos.vcxproj", "{E2A28EFB-3513-47EE-B1DC-D571DC8C2C26}"
EndProject
Project("{8BC9CEB8-8B4A-11D0-8D11-00A0C91BC942}") = "Bitmaps", "Bitmaps\Bitmaps.vcxproj", "{498A86FB-7250-4420-823D-6F576A5D3A55}"
EndProject
Project("{8BC9CEB8-8B4A-11D0-8D11-00A0C91BC942}") = "ImportaObj", "ImportaObj\ImportaObj.vcxproj", "{1BB38723-377D-46DA-AFBB-36B9A719C9BC}"
EndProject
Project("{8BC9CEB8-8B4A-11D0-8D11-00A0C91BC942}") = "Fog", "Fog\Fog.vcxproj", "{5854C2B9-8331-4E42-8E4D-A9A50598E968}"
EndProject
Project("{8BC9CEB8-8B4A-11D0-8D11-00A0C91BC942}") = "Win32ConsoleSDL", "Win32ConsoleOpenGL\Win32ConsoleOpenGL.vcxproj", "{8882A615-71E3-4E9B-92C9-6BABFC85F50A}"
EndProject
Project("{8BC9CEB8-8B4A-11D0-8D11-00A0C91BC942}") = "GDI_Windows", "GDI_Windows\GDI_Windows.vcxproj", "{4D0EB565-032B-4C50-8551-8557466951D9}"
EndProject
Project("{8BC9CEB8-8B4A-11D0-8D11-00A0C91BC942}") = "Shapes", "Shapes\Shapes.vcxproj", "{398B6B72-5027-43A8-AF0E-174F3CA15482}"
EndProject
Project("{8BC9CEB8-8B4A-11D0-8D11-00A0C91BC942}") = "EsferaMotionBlur", "EsferaMotionBlur\EsferaMotionBlur.vcxproj", "{94764ABD-FF23-4917-B225-19536BCB682A}"
EndProject
Project("{8BC9CEB8-8B4A-11D0-8D11-00A0C91BC942}") = "StencilBuffer", "StencilBuffer\StencilBuffer.vcxproj", "{6C5CD82B-A938-4745-A65F-0B0D4D55359B}"
EndProject
Project("{8BC9CEB8-8B4A-11D0-8D11-00A0C91BC942}") = "Selecao", "Selecao\Selecao.vcxproj", "{BB0FCB76-838F-4B15-BBBA-4B53C48B6057}"
EndProject
Project("{8BC9CEB8-8B4A-11D0-8D11-00A0C91BC942}") = "DisplayList", "DisplayList\DisplayList.vcxproj", "{A9A24137-AEC9-4101-A7CE-544A25000E50}"
EndProject
Project("{8BC9CEB8-8B4A-11D0-8D11-00A0C91BC942}") = "Gargalo", "Gargalo\Gargalo.vcxproj", "{E0DFFEE8-8486-44C2-AA00-DF0E5B07B1A4}"
EndProject
Project("{8BC9CEB8-8B4A-11D0-8D11-00A0C91BC942}") = "Reconstrucao", "Reconstrucao\Reconstrucao.vcxproj", "{C896DF61-7140-4285-A09A-9865BD37A177}"
EndProject
Project("{8BC9CEB8-8B4A-11D0-8D11-00A0C91BC942}") = "Win32OpenGL", "Win32OpenGL\Win32OpenGL.vcxproj", "{4C89CC4A-D490-4539-888A-C3B000037E12}"
EndProject
Project("{8BC9CEB8-8B4A-11D0-8D11-00A0C91BC942}") = "OpenGL_Minimum", "OpenGL_Minimum\OpenGL_Minimum.vcxproj", "{0D985C44-5947-4461-89D5-B5CF88BAF92D}"
EndProject
Project("{8BC9CEB8-8B4A-11D0-8D11-00A0C91BC942}") = "OpenGL_Melhorado", "OpenGL_Melhorado\OpenGL_Melhorado.vcxproj", "{7B8547D8-7B1D-43A7-A64D-845F818A9531}"
EndProject
Project("{8BC9CEB8-8B4A-11D0-8D11-00A0C91BC942}") = "HelloWorldBoxMinimum", "HelloWorldBoxMinimum\HelloWorldBoxMinimum.vcxproj", "{CB42A33D-67E5-4810-B3F6-E8F5BF375830}"
EndProject
Project("{8BC9CEB8-8B4A-11D0-8D11-00A0C91BC942}") = "OlaMundo_GLUT_Console", "OlaMundo_GLUT_Console\OlaMundo_GLUT_Console.vcxproj", "{411CB138-EDB3-4DCD-944E-DDDE1939AEC1}"
EndProject
Project("{8BC9CEB8-8B4A-11D0-8D11-00A0C91BC942}") = "OlaMundo_GLUT_Windows", "OlaMundo_GLUT_Windows\OlaMundo_GLUT_Windows.vcxproj", "{5F1869B0-9538-411D-90E8-A59AF84500A5}"
EndProject
Global
	GlobalSection(SolutionConfigurationPlatforms) = preSolution
		Debug|Any CPU = Debug|Any CPU
		Debug|x64 = Debug|x64
		Debug|x86 = Debug|x86
		Release|Any CPU = Release|Any CPU
		Release|x64 = Release|x64
		Release|x86 = Release|x86
	EndGlobalSection
	GlobalSection(ProjectConfigurationPlatforms) = postSolution
		{E707EF8F-6563-4BBD-97F4-C23EBEB21A91}.Debug|Any CPU.ActiveCfg = Debug|Win32
		{E707EF8F-6563-4BBD-97F4-C23EBEB21A91}.Debug|Any CPU.Build.0 = Debug|Win32
		{E707EF8F-6563-4BBD-97F4-C23EBEB21A91}.Debug|x64.ActiveCfg = Debug|Win32
		{E707EF8F-6563-4BBD-97F4-C23EBEB21A91}.Debug|x86.ActiveCfg = Debug|Win32
		{E707EF8F-6563-4BBD-97F4-C23EBEB21A91}.Debug|x86.Build.0 = Debug|Win32
		{E707EF8F-6563-4BBD-97F4-C23EBEB21A91}.Release|Any CPU.ActiveCfg = Release|Win32
		{E707EF8F-6563-4BBD-97F4-C23EBEB21A91}.Release|Any CPU.Build.0 = Release|Win32
		{E707EF8F-6563-4BBD-97F4-C23EBEB21A91}.Release|x64.ActiveCfg = Release|Win32
		{E707EF8F-6563-4BBD-97F4-C23EBEB21A91}.Release|x86.ActiveCfg = Release|Win32
		{E707EF8F-6563-4BBD-97F4-C23EBEB21A91}.Release|x86.Build.0 = Release|Win32
		{6867E218-5E5A-44C2-B55A-3754A6AC7E62}.Debug|Any CPU.ActiveCfg = Debug|Win32
		{6867E218-5E5A-44C2-B55A-3754A6AC7E62}.Debug|Any CPU.Build.0 = Debug|Win32
		{6867E218-5E5A-44C2-B55A-3754A6AC7E62}.Debug|x64.ActiveCfg = Debug|Win32
		{6867E218-5E5A-44C2-B55A-3754A6AC7E62}.Debug|x86.ActiveCfg = Debug|Win32
		{6867E218-5E5A-44C2-B55A-3754A6AC7E62}.Debug|x86.Build.0 = Debug|Win32
		{6867E218-5E5A-44C2-B55A-3754A6AC7E62}.Release|Any CPU.ActiveCfg = Release|Win32
		{6867E218-5E5A-44C2-B55A-3754A6AC7E62}.Release|Any CPU.Build.0 = Release|Win32
		{6867E218-5E5A-44C2-B55A-3754A6AC7E62}.Release|x64.ActiveCfg = Release|Win32
		{6867E218-5E5A-44C2-B55A-3754A6AC7E62}.Release|x86.ActiveCfg = Release|Win32
		{6867E218-5E5A-44C2-B55A-3754A6AC7E62}.Release|x86.Build.0 = Release|Win32
		{6EFBE8E1-B7F5-440A-B135-55E115F665DE}.Debug|Any CPU.ActiveCfg = Debug|Win32
		{6EFBE8E1-B7F5-440A-B135-55E115F665DE}.Debug|Any CPU.Build.0 = Debug|Win32
		{6EFBE8E1-B7F5-440A-B135-55E115F665DE}.Debug|x64.ActiveCfg = Debug|Win32
		{6EFBE8E1-B7F5-440A-B135-55E115F665DE}.Debug|x86.ActiveCfg = Debug|Win32
		{6EFBE8E1-B7F5-440A-B135-55E115F665DE}.Debug|x86.Build.0 = Debug|Win32
		{6EFBE8E1-B7F5-440A-B135-55E115F665DE}.Release|Any CPU.ActiveCfg = Release|Win32
		{6EFBE8E1-B7F5-440A-B135-55E115F665DE}.Release|Any CPU.Build.0 = Release|Win32
		{6EFBE8E1-B7F5-440A-B135-55E115F665DE}.Release|x64.ActiveCfg = Release|Win32
		{6EFBE8E1-B7F5-440A-B135-55E115F665DE}.Release|x86.ActiveCfg = Release|Win32
		{6EFBE8E1-B7F5-440A-B135-55E115F665DE}.Release|x86.Build.0 = Release|Win32
		{17E7A5CB-0E78-4753-872C-D6C6B820C481}.Debug|Any CPU.ActiveCfg = Debug|Win32
		{17E7A5CB-0E78-4753-872C-D6C6B820C481}.Debug|Any CPU.Build.0 = Debug|Win32
		{17E7A5CB-0E78-4753-872C-D6C6B820C481}.Debug|x64.ActiveCfg = Debug|Win32
		{17E7A5CB-0E78-4753-872C-D6C6B820C481}.Debug|x86.ActiveCfg = Debug|Win32
		{17E7A5CB-0E78-4753-872C-D6C6B820C481}.Debug|x86.Build.0 = Debug|Win32
		{17E7A5CB-0E78-4753-872C-D6C6B820C481}.Release|Any CPU.ActiveCfg = Release|Win32
		{17E7A5CB-0E78-4753-872C-D6C6B820C481}.Release|Any CPU.Build.0 = Release|Win32
		{17E7A5CB-0E78-4753-872C-D6C6B820C481}.Release|x64.ActiveCfg = Release|Win32
		{17E7A5CB-0E78-4753-872C-D6C6B820C481}.Release|x86.ActiveCfg = Release|Win32
		{17E7A5CB-0E78-4753-872C-D6C6B820C481}.Release|x86.Build.0 = Release|Win32
		{97FA7EEC-CE98-40E0-8F8B-828DAA29927B}.Debug|Any CPU.ActiveCfg = Debug|Win32
		{97FA7EEC-CE98-40E0-8F8B-828DAA29927B}.Debug|Any CPU.Build.0 = Debug|Win32
		{97FA7EEC-CE98-40E0-8F8B-828DAA29927B}.Debug|x64.ActiveCfg = Debug|Win32
		{97FA7EEC-CE98-40E0-8F8B-828DAA29927B}.Debug|x86.ActiveCfg = Debug|Win32
		{97FA7EEC-CE98-40E0-8F8B-828DAA29927B}.Debug|x86.Build.0 = Debug|Win32
		{97FA7EEC-CE98-40E0-8F8B-828DAA29927B}.Release|Any CPU.ActiveCfg = Release|Win32
		{97FA7EEC-CE98-40E0-8F8B-828DAA29927B}.Release|Any CPU.Build.0 = Release|Win32
		{97FA7EEC-CE98-40E0-8F8B-828DAA29927B}.Release|x64.ActiveCfg = Release|Win32
		{97FA7EEC-CE98-40E0-8F8B-828DAA29927B}.Release|x86.ActiveCfg = Release|Win32
		{97FA7EEC-CE98-40E0-8F8B-828DAA29927B}.Release|x86.Build.0 = Release|Win32
		{C0621A26-B0CB-4039-AA56-C85F1C16D507}.Debug|Any CPU.ActiveCfg = Debug|Win32
		{C0621A26-B0CB-4039-AA56-C85F1C16D507}.Debug|Any CPU.Build.0 = Debug|Win32
		{C0621A26-B0CB-4039-AA56-C85F1C16D507}.Debug|x64.ActiveCfg = Debug|Win32
		{C0621A26-B0CB-4039-AA56-C85F1C16D507}.Debug|x86.ActiveCfg = Debug|Win32
		{C0621A26-B0CB-4039-AA56-C85F1C16D507}.Debug|x86.Build.0 = Debug|Win32
		{C0621A26-B0CB-4039-AA56-C85F1C16D507}.Release|Any CPU.ActiveCfg = Release|Win32
		{C0621A26-B0CB-4039-AA56-C85F1C16D507}.Release|Any CPU.Build.0 = Release|Win32
		{C0621A26-B0CB-4039-AA56-C85F1C16D507}.Release|x64.ActiveCfg = Release|Win32
		{C0621A26-B0CB-4039-AA56-C85F1C16D507}.Release|x86.ActiveCfg = Release|Win32
		{C0621A26-B0CB-4039-AA56-C85F1C16D507}.Release|x86.Build.0 = Release|Win32
		{9B38554B-EA4F-4D99-B853-27E8B8883A46}.Debug|Any CPU.ActiveCfg = Debug|Win32
		{9B38554B-EA4F-4D99-B853-27E8B8883A46}.Debug|Any CPU.Build.0 = Debug|Win32
		{9B38554B-EA4F-4D99-B853-27E8B8883A46}.Debug|x64.ActiveCfg = Debug|Win32
		{9B38554B-EA4F-4D99-B853-27E8B8883A46}.Debug|x86.ActiveCfg = Debug|Win32
		{9B38554B-EA4F-4D99-B853-27E8B8883A46}.Debug|x86.Build.0 = Debug|Win32
		{9B38554B-EA4F-4D99-B853-27E8B8883A46}.Release|Any CPU.ActiveCfg = Release|Win32
		{9B38554B-EA4F-4D99-B853-27E8B8883A46}.Release|Any CPU.Build.0 = Release|Win32
		{9B38554B-EA4F-4D99-B853-27E8B8883A46}.Release|x64.ActiveCfg = Release|Win32
		{9B38554B-EA4F-4D99-B853-27E8B8883A46}.Release|x86.ActiveCfg = Release|Win32
		{9B38554B-EA4F-4D99-B853-27E8B8883A46}.Release|x86.Build.0 = Release|Win32
		{645CDCD0-AEAA-4BAA-B6D6-80B043ADF3ED}.Debug|Any CPU.ActiveCfg = Debug|Win32
		{645CDCD0-AEAA-4BAA-B6D6-80B043ADF3ED}.Debug|Any CPU.Build.0 = Debug|Win32
		{645CDCD0-AEAA-4BAA-B6D6-80B043ADF3ED}.Debug|x64.ActiveCfg = Debug|Win32
		{645CDCD0-AEAA-4BAA-B6D6-80B043ADF3ED}.Debug|x86.ActiveCfg = Debug|Win32
		{645CDCD0-AEAA-4BAA-B6D6-80B043ADF3ED}.Debug|x86.Build.0 = Debug|Win32
		{645CDCD0-AEAA-4BAA-B6D6-80B043ADF3ED}.Release|Any CPU.ActiveCfg = Release|Win32
		{645CDCD0-AEAA-4BAA-B6D6-80B043ADF3ED}.Release|Any CPU.Build.0 = Release|Win32
		{645CDCD0-AEAA-4BAA-B6D6-80B043ADF3ED}.Release|x64.ActiveCfg = Release|Win32
		{645CDCD0-AEAA-4BAA-B6D6-80B043ADF3ED}.Release|x86.ActiveCfg = Release|Win32
		{645CDCD0-AEAA-4BAA-B6D6-80B043ADF3ED}.Release|x86.Build.0 = Release|Win32
		{4994781E-DD0E-4EAA-85EB-B4C0D4E24C81}.Debug|Any CPU.ActiveCfg = Debug|Win32
		{4994781E-DD0E-4EAA-85EB-B4C0D4E24C81}.Debug|Any CPU.Build.0 = Debug|Win32
		{4994781E-DD0E-4EAA-85EB-B4C0D4E24C81}.Debug|x64.ActiveCfg = Debug|Win32
		{4994781E-DD0E-4EAA-85EB-B4C0D4E24C81}.Debug|x86.ActiveCfg = Debug|Win32
		{4994781E-DD0E-4EAA-85EB-B4C0D4E24C81}.Debug|x86.Build.0 = Debug|Win32
		{4994781E-DD0E-4EAA-85EB-B4C0D4E24C81}.Release|Any CPU.ActiveCfg = Release|Win32
		{4994781E-DD0E-4EAA-85EB-B4C0D4E24C81}.Release|Any CPU.Build.0 = Release|Win32
		{4994781E-DD0E-4EAA-85EB-B4C0D4E24C81}.Release|x64.ActiveCfg = Release|Win32
		{4994781E-DD0E-4EAA-85EB-B4C0D4E24C81}.Release|x86.ActiveCfg = Release|Win32
		{4994781E-DD0E-4EAA-85EB-B4C0D4E24C81}.Release|x86.Build.0 = Release|Win32
		{6C7BF766-AEB3-4D96-9497-5EB4357ADC9A}.Debug|Any CPU.ActiveCfg = Debug|Win32
		{6C7BF766-AEB3-4D96-9497-5EB4357ADC9A}.Debug|Any CPU.Build.0 = Debug|Win32
		{6C7BF766-AEB3-4D96-9497-5EB4357ADC9A}.Debug|x64.ActiveCfg = Debug|Win32
		{6C7BF766-AEB3-4D96-9497-5EB4357ADC9A}.Debug|x86.ActiveCfg = Debug|Win32
		{6C7BF766-AEB3-4D96-9497-5EB4357ADC9A}.Debug|x86.Build.0 = Debug|Win32
		{6C7BF766-AEB3-4D96-9497-5EB4357ADC9A}.Release|Any CPU.ActiveCfg = Release|Win32
		{6C7BF766-AEB3-4D96-9497-5EB4357ADC9A}.Release|Any CPU.Build.0 = Release|Win32
		{6C7BF766-AEB3-4D96-9497-5EB4357ADC9A}.Release|x64.ActiveCfg = Release|Win32
		{6C7BF766-AEB3-4D96-9497-5EB4357ADC9A}.Release|x86.ActiveCfg = Release|Win32
		{6C7BF766-AEB3-4D96-9497-5EB4357ADC9A}.Release|x86.Build.0 = Release|Win32
		{4596D9D0-C5D5-4450-98A7-20DC1A595012}.Debug|Any CPU.ActiveCfg = Debug|Win32
		{4596D9D0-C5D5-4450-98A7-20DC1A595012}.Debug|Any CPU.Build.0 = Debug|Win32
		{4596D9D0-C5D5-4450-98A7-20DC1A595012}.Debug|x64.ActiveCfg = Debug|Win32
		{4596D9D0-C5D5-4450-98A7-20DC1A595012}.Debug|x86.ActiveCfg = Debug|Win32
		{4596D9D0-C5D5-4450-98A7-20DC1A595012}.Debug|x86.Build.0 = Debug|Win32
		{4596D9D0-C5D5-4450-98A7-20DC1A595012}.Release|Any CPU.ActiveCfg = Release|Win32
		{4596D9D0-C5D5-4450-98A7-20DC1A595012}.Release|Any CPU.Build.0 = Release|Win32
		{4596D9D0-C5D5-4450-98A7-20DC1A595012}.Release|x64.ActiveCfg = Release|Win32
		{4596D9D0-C5D5-4450-98A7-20DC1A595012}.Release|x86.ActiveCfg = Release|Win32
		{4596D9D0-C5D5-4450-98A7-20DC1A595012}.Release|x86.Build.0 = Release|Win32
		{40066014-DCF9-49BB-9EF8-E8B72C5A757E}.Debug|Any CPU.ActiveCfg = Debug|Win32
		{40066014-DCF9-49BB-9EF8-E8B72C5A757E}.Debug|Any CPU.Build.0 = Debug|Win32
		{40066014-DCF9-49BB-9EF8-E8B72C5A757E}.Debug|x64.ActiveCfg = Debug|Win32
		{40066014-DCF9-49BB-9EF8-E8B72C5A757E}.Debug|x86.ActiveCfg = Debug|Win32
		{40066014-DCF9-49BB-9EF8-E8B72C5A757E}.Debug|x86.Build.0 = Debug|Win32
		{40066014-DCF9-49BB-9EF8-E8B72C5A757E}.Release|Any CPU.ActiveCfg = Release|Win32
		{40066014-DCF9-49BB-9EF8-E8B72C5A757E}.Release|Any CPU.Build.0 = Release|Win32
		{40066014-DCF9-49BB-9EF8-E8B72C5A757E}.Release|x64.ActiveCfg = Release|Win32
		{40066014-DCF9-49BB-9EF8-E8B72C5A757E}.Release|x86.ActiveCfg = Release|Win32
		{40066014-DCF9-49BB-9EF8-E8B72C5A757E}.Release|x86.Build.0 = Release|Win32
		{C967C161-D1F7-4D77-A104-A32C48D537A4}.Debug|Any CPU.ActiveCfg = Debug|Win32
		{C967C161-D1F7-4D77-A104-A32C48D537A4}.Debug|Any CPU.Build.0 = Debug|Win32
		{C967C161-D1F7-4D77-A104-A32C48D537A4}.Debug|x64.ActiveCfg = Debug|Win32
		{C967C161-D1F7-4D77-A104-A32C48D537A4}.Debug|x86.ActiveCfg = Debug|Win32
		{C967C161-D1F7-4D77-A104-A32C48D537A4}.Debug|x86.Build.0 = Debug|Win32
		{C967C161-D1F7-4D77-A104-A32C48D537A4}.Release|Any CPU.ActiveCfg = Release|Win32
		{C967C161-D1F7-4D77-A104-A32C48D537A4}.Release|Any CPU.Build.0 = Release|Win32
		{C967C161-D1F7-4D77-A104-A32C48D537A4}.Release|x64.ActiveCfg = Release|Win32
		{C967C161-D1F7-4D77-A104-A32C48D537A4}.Release|x86.ActiveCfg = Release|Win32
		{C967C161-D1F7-4D77-A104-A32C48D537A4}.Release|x86.Build.0 = Release|Win32
		{16CFC164-BE76-4611-8B97-585C2CE66563}.Debug|Any CPU.ActiveCfg = Debug|Win32
		{16CFC164-BE76-4611-8B97-585C2CE66563}.Debug|Any CPU.Build.0 = Debug|Win32
		{16CFC164-BE76-4611-8B97-585C2CE66563}.Debug|x64.ActiveCfg = Debug|Win32
		{16CFC164-BE76-4611-8B97-585C2CE66563}.Debug|x86.ActiveCfg = Debug|Win32
		{16CFC164-BE76-4611-8B97-585C2CE66563}.Debug|x86.Build.0 = Debug|Win32
		{16CFC164-BE76-4611-8B97-585C2CE66563}.Release|Any CPU.ActiveCfg = Release|Win32
		{16CFC164-BE76-4611-8B97-585C2CE66563}.Release|Any CPU.Build.0 = Release|Win32
		{16CFC164-BE76-4611-8B97-585C2CE66563}.Release|x64.ActiveCfg = Release|Win32
		{16CFC164-BE76-4611-8B97-585C2CE66563}.Release|x86.ActiveCfg = Release|Win32
		{16CFC164-BE76-4611-8B97-585C2CE66563}.Release|x86.Build.0 = Release|Win32
		{E68742D3-43F7-41A5-9AB4-47C6C25204B8}.Debug|Any CPU.ActiveCfg = Debug|Win32
		{E68742D3-43F7-41A5-9AB4-47C6C25204B8}.Debug|Any CPU.Build.0 = Debug|Win32
		{E68742D3-43F7-41A5-9AB4-47C6C25204B8}.Debug|x64.ActiveCfg = Debug|Win32
		{E68742D3-43F7-41A5-9AB4-47C6C25204B8}.Debug|x86.ActiveCfg = Debug|Win32
		{E68742D3-43F7-41A5-9AB4-47C6C25204B8}.Debug|x86.Build.0 = Debug|Win32
		{E68742D3-43F7-41A5-9AB4-47C6C25204B8}.Release|Any CPU.ActiveCfg = Release|Win32
		{E68742D3-43F7-41A5-9AB4-47C6C25204B8}.Release|Any CPU.Build.0 = Release|Win32
		{E68742D3-43F7-41A5-9AB4-47C6C25204B8}.Release|x64.ActiveCfg = Release|Win32
		{E68742D3-43F7-41A5-9AB4-47C6C25204B8}.Release|x86.ActiveCfg = Release|Win32
		{E68742D3-43F7-41A5-9AB4-47C6C25204B8}.Release|x86.Build.0 = Release|Win32
		{CC7DF621-4804-42C7-81BA-C1D43220438A}.Debug|Any CPU.ActiveCfg = Debug|Win32
		{CC7DF621-4804-42C7-81BA-C1D43220438A}.Debug|Any CPU.Build.0 = Debug|Win32
		{CC7DF621-4804-42C7-81BA-C1D43220438A}.Debug|x64.ActiveCfg = Debug|Win32
		{CC7DF621-4804-42C7-81BA-C1D43220438A}.Debug|x86.ActiveCfg = Debug|Win32
		{CC7DF621-4804-42C7-81BA-C1D43220438A}.Debug|x86.Build.0 = Debug|Win32
		{CC7DF621-4804-42C7-81BA-C1D43220438A}.Release|Any CPU.ActiveCfg = Release|Win32
		{CC7DF621-4804-42C7-81BA-C1D43220438A}.Release|Any CPU.Build.0 = Release|Win32
		{CC7DF621-4804-42C7-81BA-C1D43220438A}.Release|x64.ActiveCfg = Release|Win32
		{CC7DF621-4804-42C7-81BA-C1D43220438A}.Release|x86.ActiveCfg = Release|Win32
		{CC7DF621-4804-42C7-81BA-C1D43220438A}.Release|x86.Build.0 = Release|Win32
		{6613837E-3A14-4FA4-BE69-9DA62C46D140}.Debug|Any CPU.ActiveCfg = Debug|Win32
		{6613837E-3A14-4FA4-BE69-9DA62C46D140}.Debug|Any CPU.Build.0 = Debug|Win32
		{6613837E-3A14-4FA4-BE69-9DA62C46D140}.Debug|x64.ActiveCfg = Debug|Win32
		{6613837E-3A14-4FA4-BE69-9DA62C46D140}.Debug|x86.ActiveCfg = Debug|Win32
		{6613837E-3A14-4FA4-BE69-9DA62C46D140}.Debug|x86.Build.0 = Debug|Win32
		{6613837E-3A14-4FA4-BE69-9DA62C46D140}.Release|Any CPU.ActiveCfg = Release|Win32
		{6613837E-3A14-4FA4-BE69-9DA62C46D140}.Release|Any CPU.Build.0 = Release|Win32
		{6613837E-3A14-4FA4-BE69-9DA62C46D140}.Release|x64.ActiveCfg = Release|Win32
		{6613837E-3A14-4FA4-BE69-9DA62C46D140}.Release|x86.ActiveCfg = Release|Win32
		{6613837E-3A14-4FA4-BE69-9DA62C46D140}.Release|x86.Build.0 = Release|Win32
		{514AAF6D-12AD-44AF-BBA0-3FA2C761FC63}.Debug|Any CPU.ActiveCfg = Debug|Win32
		{514AAF6D-12AD-44AF-BBA0-3FA2C761FC63}.Debug|Any CPU.Build.0 = Debug|Win32
		{514AAF6D-12AD-44AF-BBA0-3FA2C761FC63}.Debug|x64.ActiveCfg = Debug|Win32
		{514AAF6D-12AD-44AF-BBA0-3FA2C761FC63}.Debug|x86.ActiveCfg = Debug|Win32
		{514AAF6D-12AD-44AF-BBA0-3FA2C761FC63}.Debug|x86.Build.0 = Debug|Win32
		{514AAF6D-12AD-44AF-BBA0-3FA2C761FC63}.Release|Any CPU.ActiveCfg = Release|Win32
		{514AAF6D-12AD-44AF-BBA0-3FA2C761FC63}.Release|Any CPU.Build.0 = Release|Win32
		{514AAF6D-12AD-44AF-BBA0-3FA2C761FC63}.Release|x64.ActiveCfg = Release|Win32
		{514AAF6D-12AD-44AF-BBA0-3FA2C761FC63}.Release|x86.ActiveCfg = Release|Win32
		{514AAF6D-12AD-44AF-BBA0-3FA2C761FC63}.Release|x86.Build.0 = Release|Win32
		{BBF01886-EB82-4C7E-A9F7-A9DB9E56BB2C}.Debug|Any CPU.ActiveCfg = Debug|Win32
		{BBF01886-EB82-4C7E-A9F7-A9DB9E56BB2C}.Debug|Any CPU.Build.0 = Debug|Win32
		{BBF01886-EB82-4C7E-A9F7-A9DB9E56BB2C}.Debug|x64.ActiveCfg = Debug|Win32
		{BBF01886-EB82-4C7E-A9F7-A9DB9E56BB2C}.Debug|x86.ActiveCfg = Debug|Win32
		{BBF01886-EB82-4C7E-A9F7-A9DB9E56BB2C}.Debug|x86.Build.0 = Debug|Win32
		{BBF01886-EB82-4C7E-A9F7-A9DB9E56BB2C}.Release|Any CPU.ActiveCfg = Release|Win32
		{BBF01886-EB82-4C7E-A9F7-A9DB9E56BB2C}.Release|Any CPU.Build.0 = Release|Win32
		{BBF01886-EB82-4C7E-A9F7-A9DB9E56BB2C}.Release|x64.ActiveCfg = Release|Win32
		{BBF01886-EB82-4C7E-A9F7-A9DB9E56BB2C}.Release|x86.ActiveCfg = Release|Win32
		{BBF01886-EB82-4C7E-A9F7-A9DB9E56BB2C}.Release|x86.Build.0 = Release|Win32
		{3E6C02CB-E944-4C1B-8ECC-EE094501597E}.Debug|Any CPU.ActiveCfg = Debug|Win32
		{3E6C02CB-E944-4C1B-8ECC-EE094501597E}.Debug|Any CPU.Build.0 = Debug|Win32
		{3E6C02CB-E944-4C1B-8ECC-EE094501597E}.Debug|x64.ActiveCfg = Debug|Win32
		{3E6C02CB-E944-4C1B-8ECC-EE094501597E}.Debug|x86.ActiveCfg = Debug|Win32
		{3E6C02CB-E944-4C1B-8ECC-EE094501597E}.Debug|x86.Build.0 = Debug|Win32
		{3E6C02CB-E944-4C1B-8ECC-EE094501597E}.Release|Any CPU.ActiveCfg = Release|Win32
		{3E6C02CB-E944-4C1B-8ECC-EE094501597E}.Release|Any CPU.Build.0 = Release|Win32
		{3E6C02CB-E944-4C1B-8ECC-EE094501597E}.Release|x64.ActiveCfg = Release|Win32
		{3E6C02CB-E944-4C1B-8ECC-EE094501597E}.Release|x86.ActiveCfg = Release|Win32
		{3E6C02CB-E944-4C1B-8ECC-EE094501597E}.Release|x86.Build.0 = Release|Win32
		{D4C50993-320A-4B10-A680-6BF7D72336FE}.Debug|Any CPU.ActiveCfg = Debug|Win32
		{D4C50993-320A-4B10-A680-6BF7D72336FE}.Debug|Any CPU.Build.0 = Debug|Win32
		{D4C50993-320A-4B10-A680-6BF7D72336FE}.Debug|x64.ActiveCfg = Debug|Win32
		{D4C50993-320A-4B10-A680-6BF7D72336FE}.Debug|x86.ActiveCfg = Debug|Win32
		{D4C50993-320A-4B10-A680-6BF7D72336FE}.Debug|x86.Build.0 = Debug|Win32
		{D4C50993-320A-4B10-A680-6BF7D72336FE}.Release|Any CPU.ActiveCfg = Release|Win32
		{D4C50993-320A-4B10-A680-6BF7D72336FE}.Release|Any CPU.Build.0 = Release|Win32
		{D4C50993-320A-4B10-A680-6BF7D72336FE}.Release|x64.ActiveCfg = Release|Win32
		{D4C50993-320A-4B10-A680-6BF7D72336FE}.Release|x86.ActiveCfg = Release|Win32
		{D4C50993-320A-4B10-A680-6BF7D72336FE}.Release|x86.Build.0 = Release|Win32
		{1BB82AB4-648F-4776-9279-E256CFC51819}.Debug|Any CPU.ActiveCfg = Debug|Win32
		{1BB82AB4-648F-4776-9279-E256CFC51819}.Debug|Any CPU.Build.0 = Debug|Win32
		{1BB82AB4-648F-4776-9279-E256CFC51819}.Debug|x64.ActiveCfg = Debug|Win32
		{1BB82AB4-648F-4776-9279-E256CFC51819}.Debug|x86.ActiveCfg = Debug|Win32
		{1BB82AB4-648F-4776-9279-E256CFC51819}.Debug|x86.Build.0 = Debug|Win32
		{1BB82AB4-648F-4776-9279-E256CFC51819}.Release|Any CPU.ActiveCfg = Release|Win32
		{1BB82AB4-648F-4776-9279-E256CFC51819}.Release|Any CPU.Build.0 = Release|Win32
		{1BB82AB4-648F-4776-9279-E256CFC51819}.Release|x64.ActiveCfg = Release|Win32
		{1BB82AB4-648F-4776-9279-E256CFC51819}.Release|x86.ActiveCfg = Release|Win32
		{1BB82AB4-648F-4776-9279-E256CFC51819}.Release|x86.Build.0 = Release|Win32
		{0ED7A336-9F2C-4B9C-A416-327A0D715C26}.Debug|Any CPU.ActiveCfg = Debug|Win32
		{0ED7A336-9F2C-4B9C-A416-327A0D715C26}.Debug|Any CPU.Build.0 = Debug|Win32
		{0ED7A336-9F2C-4B9C-A416-327A0D715C26}.Debug|x64.ActiveCfg = Debug|Win32
		{0ED7A336-9F2C-4B9C-A416-327A0D715C26}.Debug|x86.ActiveCfg = Debug|Win32
		{0ED7A336-9F2C-4B9C-A416-327A0D715C26}.Debug|x86.Build.0 = Debug|Win32
		{0ED7A336-9F2C-4B9C-A416-327A0D715C26}.Release|Any CPU.ActiveCfg = Release|Win32
		{0ED7A336-9F2C-4B9C-A416-327A0D715C26}.Release|Any CPU.Build.0 = Release|Win32
		{0ED7A336-9F2C-4B9C-A416-327A0D715C26}.Release|x64.ActiveCfg = Release|Win32
		{0ED7A336-9F2C-4B9C-A416-327A0D715C26}.Release|x86.ActiveCfg = Release|Win32
		{0ED7A336-9F2C-4B9C-A416-327A0D715C26}.Release|x86.Build.0 = Release|Win32
		{A09707D1-B597-4ADF-ADA5-7EDA6EDA9B3B}.Debug|Any CPU.ActiveCfg = Debug|Win32
		{A09707D1-B597-4ADF-ADA5-7EDA6EDA9B3B}.Debug|Any CPU.Build.0 = Debug|Win32
		{A09707D1-B597-4ADF-ADA5-7EDA6EDA9B3B}.Debug|x64.ActiveCfg = Debug|Win32
		{A09707D1-B597-4ADF-ADA5-7EDA6EDA9B3B}.Debug|x86.ActiveCfg = Debug|Win32
		{A09707D1-B597-4ADF-ADA5-7EDA6EDA9B3B}.Debug|x86.Build.0 = Debug|Win32
		{A09707D1-B597-4ADF-ADA5-7EDA6EDA9B3B}.Release|Any CPU.ActiveCfg = Release|Win32
		{A09707D1-B597-4ADF-ADA5-7EDA6EDA9B3B}.Release|Any CPU.Build.0 = Release|Win32
		{A09707D1-B597-4ADF-ADA5-7EDA6EDA9B3B}.Release|x64.ActiveCfg = Release|Win32
		{A09707D1-B597-4ADF-ADA5-7EDA6EDA9B3B}.Release|x86.ActiveCfg = Release|Win32
		{A09707D1-B597-4ADF-ADA5-7EDA6EDA9B3B}.Release|x86.Build.0 = Release|Win32
		{FD22DC1A-B6B6-43BF-9449-A5389A9DAAFD}.Debug|Any CPU.ActiveCfg = Debug|Win32
		{FD22DC1A-B6B6-43BF-9449-A5389A9DAAFD}.Debug|Any CPU.Build.0 = Debug|Win32
		{FD22DC1A-B6B6-43BF-9449-A5389A9DAAFD}.Debug|x64.ActiveCfg = Debug|Win32
		{FD22DC1A-B6B6-43BF-9449-A5389A9DAAFD}.Debug|x86.ActiveCfg = Debug|Win32
		{FD22DC1A-B6B6-43BF-9449-A5389A9DAAFD}.Debug|x86.Build.0 = Debug|Win32
		{FD22DC1A-B6B6-43BF-9449-A5389A9DAAFD}.Release|Any CPU.ActiveCfg = Release|Win32
		{FD22DC1A-B6B6-43BF-9449-A5389A9DAAFD}.Release|Any CPU.Build.0 = Release|Win32
		{FD22DC1A-B6B6-43BF-9449-A5389A9DAAFD}.Release|x64.ActiveCfg = Release|Win32
		{FD22DC1A-B6B6-43BF-9449-A5389A9DAAFD}.Release|x86.ActiveCfg = Release|Win32
		{FD22DC1A-B6B6-43BF-9449-A5389A9DAAFD}.Release|x86.Build.0 = Release|Win32
		{E635AC27-F330-4C46-83C0-F480ECF2C53F}.Debug|Any CPU.ActiveCfg = Debug|Win32
		{E635AC27-F330-4C46-83C0-F480ECF2C53F}.Debug|Any CPU.Build.0 = Debug|Win32
		{E635AC27-F330-4C46-83C0-F480ECF2C53F}.Debug|x64.ActiveCfg = Debug|Win32
		{E635AC27-F330-4C46-83C0-F480ECF2C53F}.Debug|x86.ActiveCfg = Debug|Win32
		{E635AC27-F330-4C46-83C0-F480ECF2C53F}.Debug|x86.Build.0 = Debug|Win32
		{E635AC27-F330-4C46-83C0-F480ECF2C53F}.Release|Any CPU.ActiveCfg = Release|Win32
		{E635AC27-F330-4C46-83C0-F480ECF2C53F}.Release|Any CPU.Build.0 = Release|Win32
		{E635AC27-F330-4C46-83C0-F480ECF2C53F}.Release|x64.ActiveCfg = Release|Win32
		{E635AC27-F330-4C46-83C0-F480ECF2C53F}.Release|x86.ActiveCfg = Release|Win32
		{E635AC27-F330-4C46-83C0-F480ECF2C53F}.Release|x86.Build.0 = Release|Win32
		{C27EF330-68D0-44F5-A42A-36D4037E07DA}.Debug|Any CPU.ActiveCfg = Debug|Win32
		{C27EF330-68D0-44F5-A42A-36D4037E07DA}.Debug|Any CPU.Build.0 = Debug|Win32
		{C27EF330-68D0-44F5-A42A-36D4037E07DA}.Debug|x64.ActiveCfg = Debug|Win32
		{C27EF330-68D0-44F5-A42A-36D4037E07DA}.Debug|x86.ActiveCfg = Debug|Win32
		{C27EF330-68D0-44F5-A42A-36D4037E07DA}.Debug|x86.Build.0 = Debug|Win32
		{C27EF330-68D0-44F5-A42A-36D4037E07DA}.Release|Any CPU.ActiveCfg = Release|Win32
		{C27EF330-68D0-44F5-A42A-36D4037E07DA}.Release|Any CPU.Build.0 = Release|Win32
		{C27EF330-68D0-44F5-A42A-36D4037E07DA}.Release|x64.ActiveCfg = Release|Win32
		{C27EF330-68D0-44F5-A42A-36D4037E07DA}.Release|x86.ActiveCfg = Release|Win32
		{C27EF330-68D0-44F5-A42A-36D4037E07DA}.Release|x86.Build.0 = Release|Win32
		{502B21D6-0F90-4E02-9BB8-CF28B113AF4E}.Debug|Any CPU.ActiveCfg = Debug|Win32
		{502B21D6-0F90-4E02-9BB8-CF28B113AF4E}.Debug|Any CPU.Build.0 = Debug|Win32
		{502B21D6-0F90-4E02-9BB8-CF28B113AF4E}.Debug|x64.ActiveCfg = Debug|Win32
		{502B21D6-0F90-4E02-9BB8-CF28B113AF4E}.Debug|x86.ActiveCfg = Debug|Win32
		{502B21D6-0F90-4E02-9BB8-CF28B113AF4E}.Debug|x86.Build.0 = Debug|Win32
		{502B21D6-0F90-4E02-9BB8-CF28B113AF4E}.Release|Any CPU.ActiveCfg = Release|Win32
		{502B21D6-0F90-4E02-9BB8-CF28B113AF4E}.Release|Any CPU.Build.0 = Release|Win32
		{502B21D6-0F90-4E02-9BB8-CF28B113AF4E}.Release|x64.ActiveCfg = Release|Win32
		{502B21D6-0F90-4E02-9BB8-CF28B113AF4E}.Release|x86.ActiveCfg = Release|Win32
		{502B21D6-0F90-4E02-9BB8-CF28B113AF4E}.Release|x86.Build.0 = Release|Win32
		{100C0740-A3D7-41F2-8548-2306DCE0853B}.Debug|Any CPU.ActiveCfg = Debug|Win32
		{100C0740-A3D7-41F2-8548-2306DCE0853B}.Debug|Any CPU.Build.0 = Debug|Win32
		{100C0740-A3D7-41F2-8548-2306DCE0853B}.Debug|x64.ActiveCfg = Debug|Win32
		{100C0740-A3D7-41F2-8548-2306DCE0853B}.Debug|x86.ActiveCfg = Debug|Win32
		{100C0740-A3D7-41F2-8548-2306DCE0853B}.Debug|x86.Build.0 = Debug|Win32
		{100C0740-A3D7-41F2-8548-2306DCE0853B}.Release|Any CPU.ActiveCfg = Release|Win32
		{100C0740-A3D7-41F2-8548-2306DCE0853B}.Release|Any CPU.Build.0 = Release|Win32
		{100C0740-A3D7-41F2-8548-2306DCE0853B}.Release|x64.ActiveCfg = Release|Win32
		{100C0740-A3D7-41F2-8548-2306DCE0853B}.Release|x86.ActiveCfg = Release|Win32
		{100C0740-A3D7-41F2-8548-2306DCE0853B}.Release|x86.Build.0 = Release|Win32
		{816115BF-9EFD-4360-8582-9C101AE7422F}.Debug|Any CPU.ActiveCfg = Debug|Win32
		{816115BF-9EFD-4360-8582-9C101AE7422F}.Debug|Any CPU.Build.0 = Debug|Win32
		{816115BF-9EFD-4360-8582-9C101AE7422F}.Debug|x64.ActiveCfg = Debug|Win32
		{816115BF-9EFD-4360-8582-9C101AE7422F}.Debug|x86.ActiveCfg = Debug|Win32
		{816115BF-9EFD-4360-8582-9C101AE7422F}.Debug|x86.Build.0 = Debug|Win32
		{816115BF-9EFD-4360-8582-9C101AE7422F}.Release|Any CPU.ActiveCfg = Release|Win32
		{816115BF-9EFD-4360-8582-9C101AE7422F}.Release|Any CPU.Build.0 = Release|Win32
		{816115BF-9EFD-4360-8582-9C101AE7422F}.Release|x64.ActiveCfg = Release|Win32
		{816115BF-9EFD-4360-8582-9C101AE7422F}.Release|x86.ActiveCfg = Release|Win32
		{816115BF-9EFD-4360-8582-9C101AE7422F}.Release|x86.Build.0 = Release|Win32
		{3B7133A7-4613-423A-85E1-8AFE440E85E2}.Debug|Any CPU.ActiveCfg = Debug|Win32
		{3B7133A7-4613-423A-85E1-8AFE440E85E2}.Debug|Any CPU.Build.0 = Debug|Win32
		{3B7133A7-4613-423A-85E1-8AFE440E85E2}.Debug|x64.ActiveCfg = Debug|Win32
		{3B7133A7-4613-423A-85E1-8AFE440E85E2}.Debug|x86.ActiveCfg = Debug|Win32
		{3B7133A7-4613-423A-85E1-8AFE440E85E2}.Debug|x86.Build.0 = Debug|Win32
		{3B7133A7-4613-423A-85E1-8AFE440E85E2}.Release|Any CPU.ActiveCfg = Release|Win32
		{3B7133A7-4613-423A-85E1-8AFE440E85E2}.Release|Any CPU.Build.0 = Release|Win32
		{3B7133A7-4613-423A-85E1-8AFE440E85E2}.Release|x64.ActiveCfg = Release|Win32
		{3B7133A7-4613-423A-85E1-8AFE440E85E2}.Release|x86.ActiveCfg = Release|Win32
		{3B7133A7-4613-423A-85E1-8AFE440E85E2}.Release|x86.Build.0 = Release|Win32
		{F2111538-908E-48AD-9C26-63F59D29DF0B}.Debug|Any CPU.ActiveCfg = Debug|Win32
		{F2111538-908E-48AD-9C26-63F59D29DF0B}.Debug|Any CPU.Build.0 = Debug|Win32
		{F2111538-908E-48AD-9C26-63F59D29DF0B}.Debug|x64.ActiveCfg = Debug|Win32
		{F2111538-908E-48AD-9C26-63F59D29DF0B}.Debug|x86.ActiveCfg = Debug|Win32
		{F2111538-908E-48AD-9C26-63F59D29DF0B}.Debug|x86.Build.0 = Debug|Win32
		{F2111538-908E-48AD-9C26-63F59D29DF0B}.Release|Any CPU.ActiveCfg = Release|Win32
		{F2111538-908E-48AD-9C26-63F59D29DF0B}.Release|Any CPU.Build.0 = Release|Win32
		{F2111538-908E-48AD-9C26-63F59D29DF0B}.Release|x64.ActiveCfg = Release|Win32
		{F2111538-908E-48AD-9C26-63F59D29DF0B}.Release|x86.ActiveCfg = Release|Win32
		{F2111538-908E-48AD-9C26-63F59D29DF0B}.Release|x86.Build.0 = Release|Win32
		{217470BD-4AAE-4683-9866-2C43683753AE}.Debug|Any CPU.ActiveCfg = Debug|Win32
		{217470BD-4AAE-4683-9866-2C43683753AE}.Debug|Any CPU.Build.0 = Debug|Win32
		{217470BD-4AAE-4683-9866-2C43683753AE}.Debug|x64.ActiveCfg = Debug|Win32
		{217470BD-4AAE-4683-9866-2C43683753AE}.Debug|x86.ActiveCfg = Debug|Win32
		{217470BD-4AAE-4683-9866-2C43683753AE}.Debug|x86.Build.0 = Debug|Win32
		{217470BD-4AAE-4683-9866-2C43683753AE}.Release|Any CPU.ActiveCfg = Release|Win32
		{217470BD-4AAE-4683-9866-2C43683753AE}.Release|Any CPU.Build.0 = Release|Win32
		{217470BD-4AAE-4683-9866-2C43683753AE}.Release|x64.ActiveCfg = Release|Win32
		{217470BD-4AAE-4683-9866-2C43683753AE}.Release|x86.ActiveCfg = Release|Win32
		{217470BD-4AAE-4683-9866-2C43683753AE}.Release|x86.Build.0 = Release|Win32
		{3306E48E-7EBB-43C1-8B91-133F317F6551}.Debug|Any CPU.ActiveCfg = Debug|Win32
		{3306E48E-7EBB-43C1-8B91-133F317F6551}.Debug|Any CPU.Build.0 = Debug|Win32
		{3306E48E-7EBB-43C1-8B91-133F317F6551}.Debug|x64.ActiveCfg = Debug|Win32
		{3306E48E-7EBB-43C1-8B91-133F317F6551}.Debug|x86.ActiveCfg = Debug|Win32
		{3306E48E-7EBB-43C1-8B91-133F317F6551}.Debug|x86.Build.0 = Debug|Win32
		{3306E48E-7EBB-43C1-8B91-133F317F6551}.Release|Any CPU.ActiveCfg = Release|Win32
		{3306E48E-7EBB-43C1-8B91-133F317F6551}.Release|Any CPU.Build.0 = Release|Win32
		{3306E48E-7EBB-43C1-8B91-133F317F6551}.Release|x64.ActiveCfg = Release|Win32
		{3306E48E-7EBB-43C1-8B91-133F317F6551}.Release|x86.ActiveCfg = Release|Win32
		{3306E48E-7EBB-43C1-8B91-133F317F6551}.Release|x86.Build.0 = Release|Win32
		{672AE3A2-C0AE-4078-ACDB-78D73C175C36}.Debug|Any CPU.ActiveCfg = Debug|Win32
		{672AE3A2-C0AE-4078-ACDB-78D73C175C36}.Debug|Any CPU.Build.0 = Debug|Win32
		{672AE3A2-C0AE-4078-ACDB-78D73C175C36}.Debug|x64.ActiveCfg = Debug|Win32
		{672AE3A2-C0AE-4078-ACDB-78D73C175C36}.Debug|x86.ActiveCfg = Debug|Win32
		{672AE3A2-C0AE-4078-ACDB-78D73C175C36}.Debug|x86.Build.0 = Debug|Win32
		{672AE3A2-C0AE-4078-ACDB-78D73C175C36}.Release|Any CPU.ActiveCfg = Release|Win32
		{672AE3A2-C0AE-4078-ACDB-78D73C175C36}.Release|Any CPU.Build.0 = Release|Win32
		{672AE3A2-C0AE-4078-ACDB-78D73C175C36}.Release|x64.ActiveCfg = Release|Win32
		{672AE3A2-C0AE-4078-ACDB-78D73C175C36}.Release|x86.ActiveCfg = Release|Win32
		{672AE3A2-C0AE-4078-ACDB-78D73C175C36}.Release|x86.Build.0 = Release|Win32
		{FE5B57AA-35C9-4098-9818-908AD527EF68}.Debug|Any CPU.ActiveCfg = Debug|Win32
		{FE5B57AA-35C9-4098-9818-908AD527EF68}.Debug|Any CPU.Build.0 = Debug|Win32
		{FE5B57AA-35C9-4098-9818-908AD527EF68}.Debug|x64.ActiveCfg = Debug|Win32
		{FE5B57AA-35C9-4098-9818-908AD527EF68}.Debug|x86.ActiveCfg = Debug|Win32
		{FE5B57AA-35C9-4098-9818-908AD527EF68}.Debug|x86.Build.0 = Debug|Win32
		{FE5B57AA-35C9-4098-9818-908AD527EF68}.Release|Any CPU.ActiveCfg = Release|Win32
		{FE5B57AA-35C9-4098-9818-908AD527EF68}.Release|Any CPU.Build.0 = Release|Win32
		{FE5B57AA-35C9-4098-9818-908AD527EF68}.Release|x64.ActiveCfg = Release|Win32
		{FE5B57AA-35C9-4098-9818-908AD527EF68}.Release|x86.ActiveCfg = Release|Win32
		{FE5B57AA-35C9-4098-9818-908AD527EF68}.Release|x86.Build.0 = Release|Win32
		{0E53695C-3F20-4238-A3E2-BC16FB523CD1}.Debug|Any CPU.ActiveCfg = Debug|Win32
		{0E53695C-3F20-4238-A3E2-BC16FB523CD1}.Debug|Any CPU.Build.0 = Debug|Win32
		{0E53695C-3F20-4238-A3E2-BC16FB523CD1}.Debug|x64.ActiveCfg = Debug|Win32
		{0E53695C-3F20-4238-A3E2-BC16FB523CD1}.Debug|x86.ActiveCfg = Debug|Win32
		{0E53695C-3F20-4238-A3E2-BC16FB523CD1}.Debug|x86.Build.0 = Debug|Win32
		{0E53695C-3F20-4238-A3E2-BC16FB523CD1}.Release|Any CPU.ActiveCfg = Release|Win32
		{0E53695C-3F20-4238-A3E2-BC16FB523CD1}.Release|Any CPU.Build.0 = Release|Win32
		{0E53695C-3F20-4238-A3E2-BC16FB523CD1}.Release|x64.ActiveCfg = Release|Win32
		{0E53695C-3F20-4238-A3E2-BC16FB523CD1}.Release|x86.ActiveCfg = Release|Win32
		{0E53695C-3F20-4238-A3E2-BC16FB523CD1}.Release|x86.Build.0 = Release|Win32
		{A62242E3-EEB1-4D14-B896-731763705017}.Debug|Any CPU.ActiveCfg = Debug|x64
		{A62242E3-EEB1-4D14-B896-731763705017}.Debug|Any CPU.Build.0 = Debug|x64
		{A62242E3-EEB1-4D14-B896-731763705017}.Debug|x64.ActiveCfg = Debug|x64
		{A62242E3-EEB1-4D14-B896-731763705017}.Debug|x64.Build.0 = Debug|x64
		{A62242E3-EEB1-4D14-B896-731763705017}.Debug|x86.ActiveCfg = Debug|Win32
		{A62242E3-EEB1-4D14-B896-731763705017}.Debug|x86.Build.0 = Debug|Win32
		{A62242E3-EEB1-4D14-B896-731763705017}.Release|Any CPU.ActiveCfg = Release|x64
		{A62242E3-EEB1-4D14-B896-731763705017}.Release|Any CPU.Build.0 = Release|x64
		{A62242E3-EEB1-4D14-B896-731763705017}.Release|x64.ActiveCfg = Release|x64
		{A62242E3-EEB1-4D14-B896-731763705017}.Release|x64.Build.0 = Release|x64
		{A62242E3-EEB1-4D14-B896-731763705017}.Release|x86.ActiveCfg = Release|Win32
		{A62242E3-EEB1-4D14-B896-731763705017}.Release|x86.Build.0 = Release|Win32
		{07B4D37F-D656-446E-AA06-50C3B7F12EAC}.Debug|Any CPU.ActiveCfg = Debug|x64
		{07B4D37F-D656-446E-AA06-50C3B7F12EAC}.Debug|Any CPU.Build.0 = Debug|x64
		{07B4D37F-D656-446E-AA06-50C3B7F12EAC}.Debug|x64.ActiveCfg = Debug|x64
		{07B4D37F-D656-446E-AA06-50C3B7F12EAC}.Debug|x64.Build.0 = Debug|x64
		{07B4D37F-D656-446E-AA06-50C3B7F12EAC}.Debug|x86.ActiveCfg = Debug|Win32
		{07B4D37F-D656-446E-AA06-50C3B7F12EAC}.Debug|x86.Build.0 = Debug|Win32
		{07B4D37F-D656-446E-AA06-50C3B7F12EAC}.Release|Any CPU.ActiveCfg = Release|x64
		{07B4D37F-D656-446E-AA06-50C3B7F12EAC}.Release|Any CPU.Build.0 = Release|x64
		{07B4D37F-D656-446E-AA06-50C3B7F12EAC}.Release|x64.ActiveCfg = Release|x64
		{07B4D37F-D656-446E-AA06-50C3B7F12EAC}.Release|x64.Build.0 = Release|x64
		{07B4D37F-D656-446E-AA06-50C3B7F12EAC}.Release|x86.ActiveCfg = Release|Win32
		{07B4D37F-D656-446E-AA06-50C3B7F12EAC}.Release|x86.Build.0 = Release|Win32
		{E2A28EFB-3513-47EE-B1DC-D571DC8C2C26}.Debug|Any CPU.ActiveCfg = Debug|x64
		{E2A28EFB-3513-47EE-B1DC-D571DC8C2C26}.Debug|Any CPU.Build.0 = Debug|x64
		{E2A28EFB-3513-47EE-B1DC-D571DC8C2C26}.Debug|x64.ActiveCfg = Debug|x64
		{E2A28EFB-3513-47EE-B1DC-D571DC8C2C26}.Debug|x64.Build.0 = Debug|x64
		{E2A28EFB-3513-47EE-B1DC-D571DC8C2C26}.Debug|x86.ActiveCfg = Debug|Win32
		{E2A28EFB-3513-47EE-B1DC-D571DC8C2C26}.Debug|x86.Build.0 = Debug|Win32
		{E2A28EFB-3513-47EE-B1DC-D571DC8C2C26}.Release|Any CPU.ActiveCfg = Release|x64
		{E2A28EFB-3513-47EE-B1DC-D571DC8C2C26}.Release|Any CPU.Build.0 = Release|x64
		{E2A28EFB-3513-47EE-B1DC-D571DC8C2C26}.Release|x64.ActiveCfg = Release|x64
		{E2A28EFB-3513-47EE-B1DC-D571DC8C2C26}.Release|x64.Build.0 = Release|x64
		{E2A28EFB-3513-47EE-B1DC-D571DC8C2C26}.Release|x86.ActiveCfg = Release|Win32
		{E2A28EFB-3513-47EE-B1DC-D571DC8C2C26}.Release|x86.Build.0 = Release|Win32
		{498A86FB-7250-4420-823D-6F576A5D3A55}.Debug|Any CPU.ActiveCfg = Debug|Win32
		{498A86FB-7250-4420-823D-6F576A5D3A55}.Debug|Any CPU.Build.0 = Debug|Win32
		{498A86FB-7250-4420-823D-6F576A5D3A55}.Debug|x64.ActiveCfg = Debug|Win32
		{498A86FB-7250-4420-823D-6F576A5D3A55}.Debug|x86.ActiveCfg = Debug|Win32
		{498A86FB-7250-4420-823D-6F576A5D3A55}.Debug|x86.Build.0 = Debug|Win32
		{498A86FB-7250-4420-823D-6F576A5D3A55}.Release|Any CPU.ActiveCfg = Release|Win32
		{498A86FB-7250-4420-823D-6F576A5D3A55}.Release|Any CPU.Build.0 = Release|Win32
		{498A86FB-7250-4420-823D-6F576A5D3A55}.Release|x64.ActiveCfg = Release|Win32
		{498A86FB-7250-4420-823D-6F576A5D3A55}.Release|x86.ActiveCfg = Release|Win32
		{498A86FB-7250-4420-823D-6F576A5D3A55}.Release|x86.Build.0 = Release|Win32
		{1BB38723-377D-46DA-AFBB-36B9A719C9BC}.Debug|Any CPU.ActiveCfg = Debug|Win32
		{1BB38723-377D-46DA-AFBB-36B9A719C9BC}.Debug|Any CPU.Build.0 = Debug|Win32
		{1BB38723-377D-46DA-AFBB-36B9A719C9BC}.Debug|x64.ActiveCfg = Debug|Win32
		{1BB38723-377D-46DA-AFBB-36B9A719C9BC}.Debug|x86.ActiveCfg = Debug|Win32
		{1BB38723-377D-46DA-AFBB-36B9A719C9BC}.Debug|x86.Build.0 = Debug|Win32
		{1BB38723-377D-46DA-AFBB-36B9A719C9BC}.Release|Any CPU.ActiveCfg = Release|Win32
		{1BB38723-377D-46DA-AFBB-36B9A719C9BC}.Release|Any CPU.Build.0 = Release|Win32
		{1BB38723-377D-46DA-AFBB-36B9A719C9BC}.Release|x64.ActiveCfg = Release|Win32
		{1BB38723-377D-46DA-AFBB-36B9A719C9BC}.Release|x86.ActiveCfg = Release|Win32
		{1BB38723-377D-46DA-AFBB-36B9A719C9BC}.Release|x86.Build.0 = Release|Win32
		{5854C2B9-8331-4E42-8E4D-A9A50598E968}.Debug|Any CPU.ActiveCfg = Debug|Win32
		{5854C2B9-8331-4E42-8E4D-A9A50598E968}.Debug|Any CPU.Build.0 = Debug|Win32
		{5854C2B9-8331-4E42-8E4D-A9A50598E968}.Debug|x64.ActiveCfg = Debug|Win32
		{5854C2B9-8331-4E42-8E4D-A9A50598E968}.Debug|x86.ActiveCfg = Debug|Win32
		{5854C2B9-8331-4E42-8E4D-A9A50598E968}.Debug|x86.Build.0 = Debug|Win32
		{5854C2B9-8331-4E42-8E4D-A9A50598E968}.Release|Any CPU.ActiveCfg = Release|Win32
		{5854C2B9-8331-4E42-8E4D-A9A50598E968}.Release|Any CPU.Build.0 = Release|Win32
		{5854C2B9-8331-4E42-8E4D-A9A50598E968}.Release|x64.ActiveCfg = Release|Win32
		{5854C2B9-8331-4E42-8E4D-A9A50598E968}.Release|x86.ActiveCfg = Release|Win32
		{5854C2B9-8331-4E42-8E4D-A9A50598E968}.Release|x86.Build.0 = Release|Win32
		{8882A615-71E3-4E9B-92C9-6BABFC85F50A}.Debug|Any CPU.ActiveCfg = Debug|Win32
		{8882A615-71E3-4E9B-92C9-6BABFC85F50A}.Debug|Any CPU.Build.0 = Debug|Win32
		{8882A615-71E3-4E9B-92C9-6BABFC85F50A}.Debug|x64.ActiveCfg = Debug|Win32
		{8882A615-71E3-4E9B-92C9-6BABFC85F50A}.Debug|x86.ActiveCfg = Debug|Win32
		{8882A615-71E3-4E9B-92C9-6BABFC85F50A}.Debug|x86.Build.0 = Debug|Win32
		{8882A615-71E3-4E9B-92C9-6BABFC85F50A}.Release|Any CPU.ActiveCfg = Release|Win32
		{8882A615-71E3-4E9B-92C9-6BABFC85F50A}.Release|Any CPU.Build.0 = Release|Win32
		{8882A615-71E3-4E9B-92C9-6BABFC85F50A}.Release|x64.ActiveCfg = Release|Win32
		{8882A615-71E3-4E9B-92C9-6BABFC85F50A}.Release|x86.ActiveCfg = Release|Win32
		{8882A615-71E3-4E9B-92C9-6BABFC85F50A}.Release|x86.Build.0 = Release|Win32
		{4D0EB565-032B-4C50-8551-8557466951D9}.Debug|Any CPU.ActiveCfg = Debug|x64
		{4D0EB565-032B-4C50-8551-8557466951D9}.Debug|Any CPU.Build.0 = Debug|x64
		{4D0EB565-032B-4C50-8551-8557466951D9}.Debug|x64.ActiveCfg = Debug|x64
		{4D0EB565-032B-4C50-8551-8557466951D9}.Debug|x64.Build.0 = Debug|x64
		{4D0EB565-032B-4C50-8551-8557466951D9}.Debug|x86.ActiveCfg = Debug|Win32
		{4D0EB565-032B-4C50-8551-8557466951D9}.Debug|x86.Build.0 = Debug|Win32
		{4D0EB565-032B-4C50-8551-8557466951D9}.Release|Any CPU.ActiveCfg = Release|x64
		{4D0EB565-032B-4C50-8551-8557466951D9}.Release|Any CPU.Build.0 = Release|x64
		{4D0EB565-032B-4C50-8551-8557466951D9}.Release|x64.ActiveCfg = Release|x64
		{4D0EB565-032B-4C50-8551-8557466951D9}.Release|x64.Build.0 = Release|x64
		{4D0EB565-032B-4C50-8551-8557466951D9}.Release|x86.ActiveCfg = Release|Win32
		{4D0EB565-032B-4C50-8551-8557466951D9}.Release|x86.Build.0 = Release|Win32
		{398B6B72-5027-43A8-AF0E-174F3CA15482}.Debug|Any CPU.ActiveCfg = Debug|x64
		{398B6B72-5027-43A8-AF0E-174F3CA15482}.Debug|Any CPU.Build.0 = Debug|x64
		{398B6B72-5027-43A8-AF0E-174F3CA15482}.Debug|x64.ActiveCfg = Debug|x64
		{398B6B72-5027-43A8-AF0E-174F3CA15482}.Debug|x64.Build.0 = Debug|x64
		{398B6B72-5027-43A8-AF0E-174F3CA15482}.Debug|x86.ActiveCfg = Debug|Win32
		{398B6B72-5027-43A8-AF0E-174F3CA15482}.Debug|x86.Build.0 = Debug|Win32
		{398B6B72-5027-43A8-AF0E-174F3CA15482}.Release|Any CPU.ActiveCfg = Release|x64
		{398B6B72-5027-43A8-AF0E-174F3CA15482}.Release|Any CPU.Build.0 = Release|x64
		{398B6B72-5027-43A8-AF0E-174F3CA15482}.Release|x64.ActiveCfg = Release|x64
		{398B6B72-5027-43A8-AF0E-174F3CA15482}.Release|x64.Build.0 = Release|x64
		{398B6B72-5027-43A8-AF0E-174F3CA15482}.Release|x86.ActiveCfg = Release|Win32
		{398B6B72-5027-43A8-AF0E-174F3CA15482}.Release|x86.Build.0 = Release|Win32
		{94764ABD-FF23-4917-B225-19536BCB682A}.Debug|Any CPU.ActiveCfg = Debug|x64
		{94764ABD-FF23-4917-B225-19536BCB682A}.Debug|Any CPU.Build.0 = Debug|x64
		{94764ABD-FF23-4917-B225-19536BCB682A}.Debug|x64.ActiveCfg = Debug|x64
		{94764ABD-FF23-4917-B225-19536BCB682A}.Debug|x64.Build.0 = Debug|x64
		{94764ABD-FF23-4917-B225-19536BCB682A}.Debug|x86.ActiveCfg = Debug|Win32
		{94764ABD-FF23-4917-B225-19536BCB682A}.Debug|x86.Build.0 = Debug|Win32
		{94764ABD-FF23-4917-B225-19536BCB682A}.Release|Any CPU.ActiveCfg = Release|x64
		{94764ABD-FF23-4917-B225-19536BCB682A}.Release|Any CPU.Build.0 = Release|x64
		{94764ABD-FF23-4917-B225-19536BCB682A}.Release|x64.ActiveCfg = Release|x64
		{94764ABD-FF23-4917-B225-19536BCB682A}.Release|x64.Build.0 = Release|x64
		{94764ABD-FF23-4917-B225-19536BCB682A}.Release|x86.ActiveCfg = Release|Win32
		{94764ABD-FF23-4917-B225-19536BCB682A}.Release|x86.Build.0 = Release|Win32
		{6C5CD82B-A938-4745-A65F-0B0D4D55359B}.Debug|Any CPU.ActiveCfg = Debug|Win32
		{6C5CD82B-A938-4745-A65F-0B0D4D55359B}.Debug|Any CPU.Build.0 = Debug|Win32
		{6C5CD82B-A938-4745-A65F-0B0D4D55359B}.Debug|x64.ActiveCfg = Debug|Win32
		{6C5CD82B-A938-4745-A65F-0B0D4D55359B}.Debug|x86.ActiveCfg = Debug|Win32
		{6C5CD82B-A938-4745-A65F-0B0D4D55359B}.Debug|x86.Build.0 = Debug|Win32
		{6C5CD82B-A938-4745-A65F-0B0D4D55359B}.Release|Any CPU.ActiveCfg = Release|Win32
		{6C5CD82B-A938-4745-A65F-0B0D4D55359B}.Release|Any CPU.Build.0 = Release|Win32
		{6C5CD82B-A938-4745-A65F-0B0D4D55359B}.Release|x64.ActiveCfg = Release|Win32
		{6C5CD82B-A938-4745-A65F-0B0D4D55359B}.Release|x86.ActiveCfg = Release|Win32
		{6C5CD82B-A938-4745-A65F-0B0D4D55359B}.Release|x86.Build.0 = Release|Win32
		{BB0FCB76-838F-4B15-BBBA-4B53C48B6057}.Debug|Any CPU.ActiveCfg = Debug|x64
		{BB0FCB76-838F-4B15-BBBA-4B53C48B6057}.Debug|Any CPU.Build.0 = Debug|x64
		{BB0FCB76-838F-4B15-BBBA-4B53C48B6057}.Debug|x64.ActiveCfg = Debug|x64
		{BB0FCB76-838F-4B15-BBBA-4B53C48B6057}.Debug|x64.Build.0 = Debug|x64
		{BB0FCB76-838F-4B15-BBBA-4B53C48B6057}.Debug|x86.ActiveCfg = Debug|Win32
		{BB0FCB76-838F-4B15-BBBA-4B53C48B6057}.Debug|x86.Build.0 = Debug|Win32
		{BB0FCB76-838F-4B15-BBBA-4B53C48B6057}.Release|Any CPU.ActiveCfg = Release|x64
		{BB0FCB76-838F-4B15-BBBA-4B53C48B6057}.Release|Any CPU.Build.0 = Release|x64
		{BB0FCB76-838F-4B15-BBBA-4B53C48B6057}.Release|x64.ActiveCfg = Release|x64
		{BB0FCB76-838F-4B15-BBBA-4B53C48B6057}.Release|x64.Build.0 = Release|x64
		{BB0FCB76-838F-4B15-BBBA-4B53C48B6057}.Release|x86.ActiveCfg = Release|Win32
		{BB0FCB76-838F-4B15-BBBA-4B53C48B6057}.Release|x86.Build.0 = Release|Win32
		{A9A24137-AEC9-4101-A7CE-544A25000E50}.Debug|Any CPU.ActiveCfg = Debug|x64
		{A9A24137-AEC9-4101-A7CE-544A25000E50}.Debug|Any CPU.Build.0 = Debug|x64
		{A9A24137-AEC9-4101-A7CE-544A25000E50}.Debug|x64.ActiveCfg = Debug|x64
		{A9A24137-AEC9-4101-A7CE-544A25000E50}.Debug|x64.Build.0 = Debug|x64
		{A9A24137-AEC9-4101-A7CE-544A25000E50}.Debug|x86.ActiveCfg = Debug|Win32
		{A9A24137-AEC9-4101-A7CE-544A25000E50}.Debug|x86.Build.0 = Debug|Win32
		{A9A24137-AEC9-4101-A7CE-544A25000E50}.Release|Any CPU.ActiveCfg = Release|x64
		{A9A24137-AEC9-4101-A7CE-544A25000E50}.Release|Any CPU.Build.0 = Release|x64
		{A9A24137-AEC9-4101-A7CE-544A25000E50}.Release|x64.ActiveCfg = Release|x64
		{A9A24137-AEC9-4101-A7CE-544A25000E50}.Release|x64.Build.0 = Release|x64
		{A9A24137-AEC9-4101-A7CE-544A25000E50}.Release|x86.ActiveCfg = Release|Win32
		{A9A24137-AEC9-4101-A7CE-544A25000E50}.Release|x86.Build.0 = Release|Win32
		{E0DFFEE8-8486-44C2-AA00-DF0E5B07B1A4}.Debug|Any CPU.ActiveCfg = Debug|x64
		{E0DFFEE8-8486-44C2-AA00-DF0E5B07B1A4}.Debug|Any CPU.Build.0 = Debug|x64
		{E0DFFEE8-8486-44C2-AA00-DF0E5B07B1A4}.Debug|x64.ActiveCfg = Debug|x64
		{E0DFFEE8-8486-44C2-AA00-DF0E5B07B1A4}.Debug|x64.Build.0 = Debug|x64
		{E0DFFEE8-8486-44C2-AA00-DF0E5B07B1A4}.Debug|x86.ActiveCfg = Debug|Win32
		{E0DFFEE8-8486-44C2-AA00-DF0E5B07B1A4}.Debug|x86.Build.0 = Debug|Win32
		{E0DFFEE8-8486-44C2-AA00-DF0E5B07B1A4}.Release|Any CPU.ActiveCfg = Release|x64
		{E0DFFEE8-8486-44C2-AA00-DF0E5B07B1A4}.Release|Any CPU.Build.0 = Release|x64
		{E0DFFEE8-8486-44C2-AA00-DF0E5B07B1A4}.Release|x64.ActiveCfg = Release|x64
		{E0DFFEE8-8486-44C2-AA00-DF0E5B07B1A4}.Release|x64.Build.0 = Release|x64
		{E0DFFEE8-8486-44C2-AA00-DF0E5B07B1A4}.Release|x86.ActiveCfg = Release|Win32
		{E0DFFEE8-8486-44C2-AA00-DF0E5B07B1A4}.Release|x86.Build.0 = Release|Win32
		{C896DF61-7140-4285-A09A-9865BD37A177}.Debug|Any CPU.ActiveCfg = Debug|x64
		{C896DF61-7140-4285-A09A-9865BD37A177}.Debug|Any CPU.Build.0 = Debug|x64
		{C896DF61-7140-4285-A09A-9865BD37A177}.Debug|x64.ActiveCfg = Debug|x64
		{C896DF61-7140-4285-A09A-9865BD37A177}.Debug|x64.Build.0 = Debug|x64
		{C896DF61-7140-4285-A09A-9865BD37A177}.Debug|x86.ActiveCfg = Debug|Win32
		{C896DF61-7140-4285-A09A-9865BD37A177}.Debug|x86.Build.0 = Debug|Win32
		{C896DF61-7140-4285-A09A-9865BD37A177}.Release|Any CPU.ActiveCfg = Release|x64
		{C896DF61-7140-4285-A09A-9865BD37A177}.Release|Any CPU.Build.0 = Release|x64
		{C896DF61-7140-4285-A09A-9865BD37A177}.Release|x64.ActiveCfg = Release|x64
		{C896DF61-7140-4285-A09A-9865BD37A177}.Release|x64.Build.0 = Release|x64
		{C896DF61-7140-4285-A09A-9865BD37A177}.Release|x86.ActiveCfg = Release|Win32
		{C896DF61-7140-4285-A09A-9865BD37A177}.Release|x86.Build.0 = Release|Win32
		{4C89CC4A-D490-4539-888A-C3B000037E12}.Debug|Any CPU.ActiveCfg = Debug|Win32
		{4C89CC4A-D490-4539-888A-C3B000037E12}.Debug|Any CPU.Build.0 = Debug|Win32
		{4C89CC4A-D490-4539-888A-C3B000037E12}.Debug|x64.ActiveCfg = Debug|Win32
		{4C89CC4A-D490-4539-888A-C3B000037E12}.Debug|x64.Build.0 = Debug|Win32
		{4C89CC4A-D490-4539-888A-C3B000037E12}.Debug|x86.ActiveCfg = Debug|Win32
		{4C89CC4A-D490-4539-888A-C3B000037E12}.Debug|x86.Build.0 = Debug|Win32
		{4C89CC4A-D490-4539-888A-C3B000037E12}.Release|Any CPU.ActiveCfg = Release|Win32
		{4C89CC4A-D490-4539-888A-C3B000037E12}.Release|Any CPU.Build.0 = Release|Win32
		{4C89CC4A-D490-4539-888A-C3B000037E12}.Release|x64.ActiveCfg = Release|Win32
		{4C89CC4A-D490-4539-888A-C3B000037E12}.Release|x64.Build.0 = Release|Win32
		{4C89CC4A-D490-4539-888A-C3B000037E12}.Release|x86.ActiveCfg = Release|Win32
		{4C89CC4A-D490-4539-888A-C3B000037E12}.Release|x86.Build.0 = Release|Win32
		{0D985C44-5947-4461-89D5-B5CF88BAF92D}.Debug|Any CPU.ActiveCfg = Debug|Win32
		{0D985C44-5947-4461-89D5-B5CF88BAF92D}.Debug|Any CPU.Build.0 = Debug|Win32
		{0D985C44-5947-4461-89D5-B5CF88BAF92D}.Debug|x64.ActiveCfg = Debug|Win32
		{0D985C44-5947-4461-89D5-B5CF88BAF92D}.Debug|x64.Build.0 = Debug|Win32
		{0D985C44-5947-4461-89D5-B5CF88BAF92D}.Debug|x86.ActiveCfg = Debug|Win32
		{0D985C44-5947-4461-89D5-B5CF88BAF92D}.Debug|x86.Build.0 = Debug|Win32
		{0D985C44-5947-4461-89D5-B5CF88BAF92D}.Release|Any CPU.ActiveCfg = Release|Win32
		{0D985C44-5947-4461-89D5-B5CF88BAF92D}.Release|Any CPU.Build.0 = Release|Win32
		{0D985C44-5947-4461-89D5-B5CF88BAF92D}.Release|x64.ActiveCfg = Release|Win32
		{0D985C44-5947-4461-89D5-B5CF88BAF92D}.Release|x64.Build.0 = Release|Win32
		{0D985C44-5947-4461-89D5-B5CF88BAF92D}.Release|x86.ActiveCfg = Release|Win32
		{0D985C44-5947-4461-89D5-B5CF88BAF92D}.Release|x86.Build.0 = Release|Win32
		{7B8547D8-7B1D-43A7-A64D-845F818A9531}.Debug|Any CPU.ActiveCfg = Debug|Win32
		{7B8547D8-7B1D-43A7-A64D-845F818A9531}.Debug|Any CPU.Build.0 = Debug|Win32
		{7B8547D8-7B1D-43A7-A64D-845F818A9531}.Debug|x64.ActiveCfg = Debug|Win32
		{7B8547D8-7B1D-43A7-A64D-845F818A9531}.Debug|x64.Build.0 = Debug|Win32
		{7B8547D8-7B1D-43A7-A64D-845F818A9531}.Debug|x86.ActiveCfg = Debug|Win32
		{7B8547D8-7B1D-43A7-A64D-845F818A9531}.Debug|x86.Build.0 = Debug|Win32
		{7B8547D8-7B1D-43A7-A64D-845F818A9531}.Release|Any CPU.ActiveCfg = Release|Win32
		{7B8547D8-7B1D-43A7-A64D-845F818A9531}.Release|Any CPU.Build.0 = Release|Win32
		{7B8547D8-7B1D-43A7-A64D-845F818A9531}.Release|x64.ActiveCfg = Release|Win32
		{7B8547D8-7B1D-43A7-A64D-845F818A9531}.Release|x64.Build.0 = Release|Win32
		{7B8547D8-7B1D-43A7-A64D-845F818A9531}.Release|x86.ActiveCfg = Release|Win32
		{7B8547D8-7B1D-43A7-A64D-845F818A9531}.Release|x86.Build.0 = Release|Win32
		{CB42A33D-67E5-4810-B3F6-E8F5BF375830}.Debug|Any CPU.ActiveCfg = Debug|Win32
		{CB42A33D-67E5-4810-B3F6-E8F5BF375830}.Debug|Any CPU.Build.0 = Debug|Win32
		{CB42A33D-67E5-4810-B3F6-E8F5BF375830}.Debug|x64.ActiveCfg = Debug|Win32
		{CB42A33D-67E5-4810-B3F6-E8F5BF375830}.Debug|x64.Build.0 = Debug|Win32
		{CB42A33D-67E5-4810-B3F6-E8F5BF375830}.Debug|x86.ActiveCfg = Debug|Win32
		{CB42A33D-67E5-4810-B3F6-E8F5BF375830}.Debug|x86.Build.0 = Debug|Win32
		{CB42A33D-67E5-4810-B3F6-E8F5BF375830}.Release|Any CPU.ActiveCfg = Release|Win32
		{CB42A33D-67E5-4810-B3F6-E8F5BF375830}.Release|Any CPU.Build.0 = Release|Win32
		{CB42A33D-67E5-4810-B3F6-E8F5BF375830}.Release|x64.ActiveCfg = Release|Win32
		{CB42A33D-67E5-4810-B3F6-E8F5BF375830}.Release|x64.Build.0 = Release|Win32
		{CB42A33D-67E5-4810-B3F6-E8F5BF375830}.Release|x86.ActiveCfg = Release|Win32
		{CB42A33D-67E5-4810-B3F6-E8F5BF375830}.Release|x86.Build.0 = Release|Win32
		{411CB138-EDB3-4DCD-944E-DDDE1939AEC1}.Debug|Any CPU.ActiveCfg = Debug|x64
		{411CB138-EDB3-4DCD-944E-DDDE1939AEC1}.Debug|Any CPU.Build.0 = Debug|x64
		{411CB138-EDB3-4DCD-944E-DDDE1939AEC1}.Debug|x64.ActiveCfg = Debug|x64
		{411CB138-EDB3-4DCD-944E-DDDE1939AEC1}.Debug|x64.Build.0 = Debug|x64
		{411CB138-EDB3-4DCD-944E-DDDE1939AEC1}.Debug|x86.ActiveCfg = Debug|Win32
		{411CB138-EDB3-4DCD-944E-DDDE1939AEC1}.Debug|x86.Build.0 = Debug|Win32
		{411CB138-EDB3-4DCD-944E-DDDE1939AEC1}.Release|Any CPU.ActiveCfg = Release|x64
		{411CB138-EDB3-4DCD-944E-DDDE1939AEC1}.Release|Any CPU.Build.0 = Release|x64
		{411CB138-EDB3-4DCD-944E-DDDE1939AEC1}.Release|x64.ActiveCfg = Release|x64
		{411CB138-EDB3-4DCD-944E-DDDE1939AEC1}.Release|x64.Build.0 = Release|x64
		{411CB138-EDB3-4DCD-944E-DDDE1939AEC1}.Release|x86.ActiveCfg = Release|Win32
		{411CB138-EDB3-4DCD-944E-DDDE1939AEC1}.Release|x86.Build.0 = Release|Win32
		{5F1869B0-9538-411D-90E8-A59AF84500A5}.Debug|Any CPU.ActiveCfg = Debug|x64
		{5F1869B0-9538-411D-90E8-A59AF84500A5}.Debug|Any CPU.Build.0 = Debug|x64
		{5F1869B0-9538-411D-90E8-A59AF84500A5}.Debug|x64.ActiveCfg = Debug|x64
		{5F1869B0-9538-411D-90E8-A59AF84500A5}.Debug|x64.Build.0 = Debug|x64
		{5F1869B0-9538-411D-90E8-A59AF84500A5}.Debug|x86.ActiveCfg = Debug|Win32
		{5F1869B0-9538-411D-90E8-A59AF84500A5}.Debug|x86.Build.0 = Debug|Win32
		{5F1869B0-9538-411D-90E8-A59AF84500A5}.Release|Any CPU.ActiveCfg = Release|x64
		{5F1869B0-9538-411D-90E8-A59AF84500A5}.Release|Any CPU.Build.0 = Release|x64
		{5F1869B0-9538-411D-90E8-A59AF84500A5}.Release|x64.ActiveCfg = Release|x64
		{5F1869B0-9538-411D-90E8-A59AF84500A5}.Release|x64.Build.0 = Release|x64
		{5F1869B0-9538-411D-90E8-A59AF84500A5}.Release|x86.ActiveCfg = Release|Win32
		{5F1869B0-9538-411D-90E8-A59AF84500A5}.Release|x86.Build.0 = Release|Win32
	EndGlobalSection
	GlobalSection(SolutionProperties) = preSolution
		HideSolutionNode = FALSE
	EndGlobalSection
	GlobalSection(ExtensibilityGlobals) = postSolution
		SolutionGuid = {95B9E96D-F0C0-45F3-ABA6-F046824FD967}
	EndGlobalSection
EndGlobal
